
Microsoft Visual Studio Solution File, Format Version 11.00
# Visual Studio 2010
Project("{FAE04EC0-301F-11D3-BF4B-00C04F79EFBC}") = "T4Template", "T4Template.csproj", "{2DBBA1D0-DED7-45E6-BA8C-DD84B73F0F2A}"
EndProject
Global
	GlobalSection(SolutionConfigurationPlatforms) = preSolution
		Debug|x86 = Debug|x86
		Release|x86 = Release|x86
	EndGlobalSection
	GlobalSection(ProjectConfigurationPlatforms) = postSolution
		{2DBBA1D0-DED7-45E6-BA8C-DD84B73F0F2A}.Debug|x86.ActiveCfg = Debug|x86
		{2DBBA1D0-DED7-45E6-BA8C-DD84B73F0F2A}.Debug|x86.Build.0 = Debug|x86
		{2DBBA1D0-DED7-45E6-BA8C-DD84B73F0F2A}.Release|x86.ActiveCfg = Release|x86
		{2DBBA1D0-DED7-45E6-BA8C-DD84B73F0F2A}.Release|x86.Build.0 = Release|x86
	EndGlobalSection
	GlobalSection(SolutionProperties) = preSolution
		HideSolutionNode = FALSE
	EndGlobalSection
EndGlobal
